# This file is generated by running "yarn install" inside your project.
# Manual changes might be lost - proceed with caution!

__metadata:
  version: 4
  cacheKey: 8

"@types/jquery@npm:^3.5.6":
  version: 3.5.6
  resolution: "@types/jquery@npm:3.5.6"
  dependencies:
    "@types/sizzle": "*"
  checksum: 0ff97741ed79463545e2fd6969639579d112aeb316b70a9928c39ae031d68386e8096755d4b3c1b3aa252e024ae11d30a4ba47bc454e4fb9e232d5ded09f8f81
  languageName: node
  linkType: hard

"@types/sizzle@npm:*":
  version: 2.3.3
  resolution: "@types/sizzle@npm:2.3.3"
  checksum: 586a9fb1f6ff3e325e0f2cc1596a460615f0bc8a28f6e276ac9b509401039dd242fa8b34496d3a30c52f5b495873922d09a9e76c50c2ab2bcc70ba3fb9c4e160
  languageName: node
  linkType: hard

"blogs-navi-ts@workspace:.":
  version: 0.0.0-use.local
  resolution: "blogs-navi-ts@workspace:."
  dependencies:
    "@types/jquery": ^3.5.6
  languageName: unknown
  linkType: soft
